
Microsoft Visual Studio Solution File, Format Version 12.00
# Visual Studio Version 17
VisualStudioVersion = 17.8.34322.80
MinimumVisualStudioVersion = 10.0.40219.1
Project("{FAE04EC0-301F-11D3-BF4B-00C04F79EFBC}") = "suma-digitos-numeros", "suma-digitos-numeros\suma-digitos-numeros.csproj", "{B441DF9E-2E81-42FB-94F4-D87FB14AFF71}"
EndProject
Global
	GlobalSection(SolutionConfigurationPlatforms) = preSolution
		Debug|Any CPU = Debug|Any CPU
		Release|Any CPU = Release|Any CPU
	EndGlobalSection
	GlobalSection(ProjectConfigurationPlatforms) = postSolution
		{B441DF9E-2E81-42FB-94F4-D87FB14AFF71}.Debug|Any CPU.ActiveCfg = Debug|Any CPU
		{B441DF9E-2E81-42FB-94F4-D87FB14AFF71}.Debug|Any CPU.Build.0 = Debug|Any CPU
		{B441DF9E-2E81-42FB-94F4-D87FB14AFF71}.Release|Any CPU.ActiveCfg = Release|Any CPU
		{B441DF9E-2E81-42FB-94F4-D87FB14AFF71}.Release|Any CPU.Build.0 = Release|Any CPU
	EndGlobalSection
	GlobalSection(SolutionProperties) = preSolution
		HideSolutionNode = FALSE
	EndGlobalSection
	GlobalSection(ExtensibilityGlobals) = postSolution
		SolutionGuid = {83A5EC3C-BC9D-4AFE-B33E-48E1D66AE83C}
	EndGlobalSection
EndGlobal
