
Microsoft Visual Studio Solution File, Format Version 12.00
# Visual Studio Version 17
VisualStudioVersion = 17.8.34322.80
MinimumVisualStudioVersion = 10.0.40219.1
Project("{FAE04EC0-301F-11D3-BF4B-00C04F79EFBC}") = "ordenacion-por-insercion", "ordenacion-por-insercion\ordenacion-por-insercion.csproj", "{DE337F23-5A5C-4272-8BDA-956408998533}"
EndProject
Global
	GlobalSection(SolutionConfigurationPlatforms) = preSolution
		Debug|Any CPU = Debug|Any CPU
		Release|Any CPU = Release|Any CPU
	EndGlobalSection
	GlobalSection(ProjectConfigurationPlatforms) = postSolution
		{DE337F23-5A5C-4272-8BDA-956408998533}.Debug|Any CPU.ActiveCfg = Debug|Any CPU
		{DE337F23-5A5C-4272-8BDA-956408998533}.Debug|Any CPU.Build.0 = Debug|Any CPU
		{DE337F23-5A5C-4272-8BDA-956408998533}.Release|Any CPU.ActiveCfg = Release|Any CPU
		{DE337F23-5A5C-4272-8BDA-956408998533}.Release|Any CPU.Build.0 = Release|Any CPU
	EndGlobalSection
	GlobalSection(SolutionProperties) = preSolution
		HideSolutionNode = FALSE
	EndGlobalSection
	GlobalSection(ExtensibilityGlobals) = postSolution
		SolutionGuid = {866C9525-ACA9-4247-A4F9-5CA76DAC5B34}
	EndGlobalSection
EndGlobal
