
Microsoft Visual Studio Solution File, Format Version 12.00
# Visual Studio Version 17
VisualStudioVersion = 17.8.34322.80
MinimumVisualStudioVersion = 10.0.40219.1
Project("{FAE04EC0-301F-11D3-BF4B-00C04F79EFBC}") = "clasificacion-por-seleccion", "clasificacion-por-seleccion\clasificacion-por-seleccion.csproj", "{447DCFA0-2808-4959-BE92-1EC861F53E70}"
EndProject
Global
	GlobalSection(SolutionConfigurationPlatforms) = preSolution
		Debug|Any CPU = Debug|Any CPU
		Release|Any CPU = Release|Any CPU
	EndGlobalSection
	GlobalSection(ProjectConfigurationPlatforms) = postSolution
		{447DCFA0-2808-4959-BE92-1EC861F53E70}.Debug|Any CPU.ActiveCfg = Debug|Any CPU
		{447DCFA0-2808-4959-BE92-1EC861F53E70}.Debug|Any CPU.Build.0 = Debug|Any CPU
		{447DCFA0-2808-4959-BE92-1EC861F53E70}.Release|Any CPU.ActiveCfg = Release|Any CPU
		{447DCFA0-2808-4959-BE92-1EC861F53E70}.Release|Any CPU.Build.0 = Release|Any CPU
	EndGlobalSection
	GlobalSection(SolutionProperties) = preSolution
		HideSolutionNode = FALSE
	EndGlobalSection
	GlobalSection(ExtensibilityGlobals) = postSolution
		SolutionGuid = {0083045E-8EC0-401E-814C-4BC0F2A8F689}
	EndGlobalSection
EndGlobal
