
Microsoft Visual Studio Solution File, Format Version 12.00
# Visual Studio Version 17
VisualStudioVersion = 17.8.34316.72
MinimumVisualStudioVersion = 10.0.40219.1
Project("{FAE04EC0-301F-11D3-BF4B-00C04F79EFBC}") = "forma-recursiva", "forma-recursiva\forma-recursiva.csproj", "{0438E8C0-CE28-4683-8C63-C37EE6F67D7F}"
EndProject
Global
	GlobalSection(SolutionConfigurationPlatforms) = preSolution
		Debug|Any CPU = Debug|Any CPU
		Release|Any CPU = Release|Any CPU
	EndGlobalSection
	GlobalSection(ProjectConfigurationPlatforms) = postSolution
		{0438E8C0-CE28-4683-8C63-C37EE6F67D7F}.Debug|Any CPU.ActiveCfg = Debug|Any CPU
		{0438E8C0-CE28-4683-8C63-C37EE6F67D7F}.Debug|Any CPU.Build.0 = Debug|Any CPU
		{0438E8C0-CE28-4683-8C63-C37EE6F67D7F}.Release|Any CPU.ActiveCfg = Release|Any CPU
		{0438E8C0-CE28-4683-8C63-C37EE6F67D7F}.Release|Any CPU.Build.0 = Release|Any CPU
	EndGlobalSection
	GlobalSection(SolutionProperties) = preSolution
		HideSolutionNode = FALSE
	EndGlobalSection
	GlobalSection(ExtensibilityGlobals) = postSolution
		SolutionGuid = {C1B46256-6BB7-491D-A8F7-EEA18592670F}
	EndGlobalSection
EndGlobal
