
Microsoft Visual Studio Solution File, Format Version 12.00
# Visual Studio Version 17
VisualStudioVersion = 17.8.34322.80
MinimumVisualStudioVersion = 10.0.40219.1
Project("{FAE04EC0-301F-11D3-BF4B-00C04F79EFBC}") = "arbol-busqueda-binaria", "arbol-busqueda-binaria\arbol-busqueda-binaria.csproj", "{20A39F24-9A04-4460-A461-BDCCF2A772C2}"
EndProject
Global
	GlobalSection(SolutionConfigurationPlatforms) = preSolution
		Debug|Any CPU = Debug|Any CPU
		Release|Any CPU = Release|Any CPU
	EndGlobalSection
	GlobalSection(ProjectConfigurationPlatforms) = postSolution
		{20A39F24-9A04-4460-A461-BDCCF2A772C2}.Debug|Any CPU.ActiveCfg = Debug|Any CPU
		{20A39F24-9A04-4460-A461-BDCCF2A772C2}.Debug|Any CPU.Build.0 = Debug|Any CPU
		{20A39F24-9A04-4460-A461-BDCCF2A772C2}.Release|Any CPU.ActiveCfg = Release|Any CPU
		{20A39F24-9A04-4460-A461-BDCCF2A772C2}.Release|Any CPU.Build.0 = Release|Any CPU
	EndGlobalSection
	GlobalSection(SolutionProperties) = preSolution
		HideSolutionNode = FALSE
	EndGlobalSection
	GlobalSection(ExtensibilityGlobals) = postSolution
		SolutionGuid = {4737AA65-74E4-4149-80A4-992CA0D83DB3}
	EndGlobalSection
EndGlobal
