
Microsoft Visual Studio Solution File, Format Version 12.00
# Visual Studio Version 17
VisualStudioVersion = 17.8.34316.72
MinimumVisualStudioVersion = 10.0.40219.1
Project("{FAE04EC0-301F-11D3-BF4B-00C04F79EFBC}") = "elemento-mayoritario-array", "elemento-mayoritario-array\elemento-mayoritario-array.csproj", "{B3274447-E2F8-4ACD-A3E0-AA5DF7453C57}"
EndProject
Global
	GlobalSection(SolutionConfigurationPlatforms) = preSolution
		Debug|Any CPU = Debug|Any CPU
		Release|Any CPU = Release|Any CPU
	EndGlobalSection
	GlobalSection(ProjectConfigurationPlatforms) = postSolution
		{B3274447-E2F8-4ACD-A3E0-AA5DF7453C57}.Debug|Any CPU.ActiveCfg = Debug|Any CPU
		{B3274447-E2F8-4ACD-A3E0-AA5DF7453C57}.Debug|Any CPU.Build.0 = Debug|Any CPU
		{B3274447-E2F8-4ACD-A3E0-AA5DF7453C57}.Release|Any CPU.ActiveCfg = Release|Any CPU
		{B3274447-E2F8-4ACD-A3E0-AA5DF7453C57}.Release|Any CPU.Build.0 = Release|Any CPU
	EndGlobalSection
	GlobalSection(SolutionProperties) = preSolution
		HideSolutionNode = FALSE
	EndGlobalSection
	GlobalSection(ExtensibilityGlobals) = postSolution
		SolutionGuid = {DAD05146-B3DC-4935-9FDF-6DAC61ADDE9A}
	EndGlobalSection
EndGlobal
