
Microsoft Visual Studio Solution File, Format Version 12.00
# Visual Studio Version 17
VisualStudioVersion = 17.8.34322.80
MinimumVisualStudioVersion = 10.0.40219.1
Project("{FAE04EC0-301F-11D3-BF4B-00C04F79EFBC}") = "eliminar-nodo-abb", "eliminar-nodo-abb\eliminar-nodo-abb.csproj", "{0F7DBEBA-53E9-4FAF-93D4-914C13723AF4}"
EndProject
Global
	GlobalSection(SolutionConfigurationPlatforms) = preSolution
		Debug|Any CPU = Debug|Any CPU
		Release|Any CPU = Release|Any CPU
	EndGlobalSection
	GlobalSection(ProjectConfigurationPlatforms) = postSolution
		{0F7DBEBA-53E9-4FAF-93D4-914C13723AF4}.Debug|Any CPU.ActiveCfg = Debug|Any CPU
		{0F7DBEBA-53E9-4FAF-93D4-914C13723AF4}.Debug|Any CPU.Build.0 = Debug|Any CPU
		{0F7DBEBA-53E9-4FAF-93D4-914C13723AF4}.Release|Any CPU.ActiveCfg = Release|Any CPU
		{0F7DBEBA-53E9-4FAF-93D4-914C13723AF4}.Release|Any CPU.Build.0 = Release|Any CPU
	EndGlobalSection
	GlobalSection(SolutionProperties) = preSolution
		HideSolutionNode = FALSE
	EndGlobalSection
	GlobalSection(ExtensibilityGlobals) = postSolution
		SolutionGuid = {BD763427-6BC4-47F3-804D-08DD7D5D6BAF}
	EndGlobalSection
EndGlobal
