
Microsoft Visual Studio Solution File, Format Version 12.00
# Visual Studio Version 17
VisualStudioVersion = 17.8.34322.80
MinimumVisualStudioVersion = 10.0.40219.1
Project("{FAE04EC0-301F-11D3-BF4B-00C04F79EFBC}") = "verificar-palindromo-pila-stack", "verificar-palindromo-pila-stack\verificar-palindromo-pila-stack.csproj", "{45C6B79E-192C-401F-B3B4-463403F4ECB1}"
EndProject
Global
	GlobalSection(SolutionConfigurationPlatforms) = preSolution
		Debug|Any CPU = Debug|Any CPU
		Release|Any CPU = Release|Any CPU
	EndGlobalSection
	GlobalSection(ProjectConfigurationPlatforms) = postSolution
		{45C6B79E-192C-401F-B3B4-463403F4ECB1}.Debug|Any CPU.ActiveCfg = Debug|Any CPU
		{45C6B79E-192C-401F-B3B4-463403F4ECB1}.Debug|Any CPU.Build.0 = Debug|Any CPU
		{45C6B79E-192C-401F-B3B4-463403F4ECB1}.Release|Any CPU.ActiveCfg = Release|Any CPU
		{45C6B79E-192C-401F-B3B4-463403F4ECB1}.Release|Any CPU.Build.0 = Release|Any CPU
	EndGlobalSection
	GlobalSection(SolutionProperties) = preSolution
		HideSolutionNode = FALSE
	EndGlobalSection
	GlobalSection(ExtensibilityGlobals) = postSolution
		SolutionGuid = {F5CC387D-F7F8-4D43-B2E6-51C509C08918}
	EndGlobalSection
EndGlobal
