
Microsoft Visual Studio Solution File, Format Version 12.00
# Visual Studio Version 17
VisualStudioVersion = 17.8.34322.80
MinimumVisualStudioVersion = 10.0.40219.1
Project("{FAE04EC0-301F-11D3-BF4B-00C04F79EFBC}") = "encontrar-numero-faltante", "encontrar-numero-faltante\encontrar-numero-faltante.csproj", "{1732A9F6-F2AD-4266-88FC-40B7B4D8FB74}"
EndProject
Global
	GlobalSection(SolutionConfigurationPlatforms) = preSolution
		Debug|Any CPU = Debug|Any CPU
		Release|Any CPU = Release|Any CPU
	EndGlobalSection
	GlobalSection(ProjectConfigurationPlatforms) = postSolution
		{1732A9F6-F2AD-4266-88FC-40B7B4D8FB74}.Debug|Any CPU.ActiveCfg = Debug|Any CPU
		{1732A9F6-F2AD-4266-88FC-40B7B4D8FB74}.Debug|Any CPU.Build.0 = Debug|Any CPU
		{1732A9F6-F2AD-4266-88FC-40B7B4D8FB74}.Release|Any CPU.ActiveCfg = Release|Any CPU
		{1732A9F6-F2AD-4266-88FC-40B7B4D8FB74}.Release|Any CPU.Build.0 = Release|Any CPU
	EndGlobalSection
	GlobalSection(SolutionProperties) = preSolution
		HideSolutionNode = FALSE
	EndGlobalSection
	GlobalSection(ExtensibilityGlobals) = postSolution
		SolutionGuid = {D0BD4570-8B5B-4F30-A3D5-E81B4D89A84D}
	EndGlobalSection
EndGlobal
