
Microsoft Visual Studio Solution File, Format Version 12.00
# Visual Studio Version 17
VisualStudioVersion = 17.8.34322.80
MinimumVisualStudioVersion = 10.0.40219.1
Project("{FAE04EC0-301F-11D3-BF4B-00C04F79EFBC}") = "max-min-arbol-busqueda-binaria", "max-min-arbol-busqueda-binaria\max-min-arbol-busqueda-binaria.csproj", "{15114DC0-4101-437C-B5C5-0C5EC27A488C}"
EndProject
Global
	GlobalSection(SolutionConfigurationPlatforms) = preSolution
		Debug|Any CPU = Debug|Any CPU
		Release|Any CPU = Release|Any CPU
	EndGlobalSection
	GlobalSection(ProjectConfigurationPlatforms) = postSolution
		{15114DC0-4101-437C-B5C5-0C5EC27A488C}.Debug|Any CPU.ActiveCfg = Debug|Any CPU
		{15114DC0-4101-437C-B5C5-0C5EC27A488C}.Debug|Any CPU.Build.0 = Debug|Any CPU
		{15114DC0-4101-437C-B5C5-0C5EC27A488C}.Release|Any CPU.ActiveCfg = Release|Any CPU
		{15114DC0-4101-437C-B5C5-0C5EC27A488C}.Release|Any CPU.Build.0 = Release|Any CPU
	EndGlobalSection
	GlobalSection(SolutionProperties) = preSolution
		HideSolutionNode = FALSE
	EndGlobalSection
	GlobalSection(ExtensibilityGlobals) = postSolution
		SolutionGuid = {ACC69913-39D3-40E2-996D-8DEA960FFFB2}
	EndGlobalSection
EndGlobal
