
Microsoft Visual Studio Solution File, Format Version 12.00
# Visual Studio Version 17
VisualStudioVersion = 17.8.34322.80
MinimumVisualStudioVersion = 10.0.40219.1
Project("{FAE04EC0-301F-11D3-BF4B-00C04F79EFBC}") = "invertir-stack-pila", "invertir-stack-pila\invertir-stack-pila.csproj", "{9FC79D66-5076-4AC2-8CCB-2DD21ED5FD40}"
EndProject
Global
	GlobalSection(SolutionConfigurationPlatforms) = preSolution
		Debug|Any CPU = Debug|Any CPU
		Release|Any CPU = Release|Any CPU
	EndGlobalSection
	GlobalSection(ProjectConfigurationPlatforms) = postSolution
		{9FC79D66-5076-4AC2-8CCB-2DD21ED5FD40}.Debug|Any CPU.ActiveCfg = Debug|Any CPU
		{9FC79D66-5076-4AC2-8CCB-2DD21ED5FD40}.Debug|Any CPU.Build.0 = Debug|Any CPU
		{9FC79D66-5076-4AC2-8CCB-2DD21ED5FD40}.Release|Any CPU.ActiveCfg = Release|Any CPU
		{9FC79D66-5076-4AC2-8CCB-2DD21ED5FD40}.Release|Any CPU.Build.0 = Release|Any CPU
	EndGlobalSection
	GlobalSection(SolutionProperties) = preSolution
		HideSolutionNode = FALSE
	EndGlobalSection
	GlobalSection(ExtensibilityGlobals) = postSolution
		SolutionGuid = {D7636F61-A1B6-4C30-8286-4543C3E41084}
	EndGlobalSection
EndGlobal
