
Microsoft Visual Studio Solution File, Format Version 12.00
# Visual Studio Version 17
VisualStudioVersion = 17.8.34316.72
MinimumVisualStudioVersion = 10.0.40219.1
Project("{FAE04EC0-301F-11D3-BF4B-00C04F79EFBC}") = "numero-armstrong", "numero-armstrong\numero-armstrong.csproj", "{574E4856-6BFA-49A9-A97A-AF007182A369}"
EndProject
Global
	GlobalSection(SolutionConfigurationPlatforms) = preSolution
		Debug|Any CPU = Debug|Any CPU
		Release|Any CPU = Release|Any CPU
	EndGlobalSection
	GlobalSection(ProjectConfigurationPlatforms) = postSolution
		{574E4856-6BFA-49A9-A97A-AF007182A369}.Debug|Any CPU.ActiveCfg = Debug|Any CPU
		{574E4856-6BFA-49A9-A97A-AF007182A369}.Debug|Any CPU.Build.0 = Debug|Any CPU
		{574E4856-6BFA-49A9-A97A-AF007182A369}.Release|Any CPU.ActiveCfg = Release|Any CPU
		{574E4856-6BFA-49A9-A97A-AF007182A369}.Release|Any CPU.Build.0 = Release|Any CPU
	EndGlobalSection
	GlobalSection(SolutionProperties) = preSolution
		HideSolutionNode = FALSE
	EndGlobalSection
	GlobalSection(ExtensibilityGlobals) = postSolution
		SolutionGuid = {5D9D7E33-55BE-4033-9217-EBA28C6993B5}
	EndGlobalSection
EndGlobal
