
Microsoft Visual Studio Solution File, Format Version 12.00
# Visual Studio Version 17
VisualStudioVersion = 17.8.34316.72
MinimumVisualStudioVersion = 10.0.40219.1
Project("{FAE04EC0-301F-11D3-BF4B-00C04F79EFBC}") = "forma-iterativa", "forma-iterativa\forma-iterativa.csproj", "{78A90CE8-C461-40E6-AA15-E97B02F579EA}"
EndProject
Global
	GlobalSection(SolutionConfigurationPlatforms) = preSolution
		Debug|Any CPU = Debug|Any CPU
		Release|Any CPU = Release|Any CPU
	EndGlobalSection
	GlobalSection(ProjectConfigurationPlatforms) = postSolution
		{78A90CE8-C461-40E6-AA15-E97B02F579EA}.Debug|Any CPU.ActiveCfg = Debug|Any CPU
		{78A90CE8-C461-40E6-AA15-E97B02F579EA}.Debug|Any CPU.Build.0 = Debug|Any CPU
		{78A90CE8-C461-40E6-AA15-E97B02F579EA}.Release|Any CPU.ActiveCfg = Release|Any CPU
		{78A90CE8-C461-40E6-AA15-E97B02F579EA}.Release|Any CPU.Build.0 = Release|Any CPU
	EndGlobalSection
	GlobalSection(SolutionProperties) = preSolution
		HideSolutionNode = FALSE
	EndGlobalSection
	GlobalSection(ExtensibilityGlobals) = postSolution
		SolutionGuid = {A76D2462-BD1E-491D-8FAE-08822B2D2219}
	EndGlobalSection
EndGlobal
