
Microsoft Visual Studio Solution File, Format Version 12.00
# Visual Studio Version 17
VisualStudioVersion = 17.7.34221.43
MinimumVisualStudioVersion = 10.0.40219.1
Project("{FAE04EC0-301F-11D3-BF4B-00C04F79EFBC}") = "contar-palabras", "contar-palabras\contar-palabras.csproj", "{CA0E81CA-AED8-4AE3-B89D-F2A23C3E59BD}"
EndProject
Global
	GlobalSection(SolutionConfigurationPlatforms) = preSolution
		Debug|Any CPU = Debug|Any CPU
		Release|Any CPU = Release|Any CPU
	EndGlobalSection
	GlobalSection(ProjectConfigurationPlatforms) = postSolution
		{CA0E81CA-AED8-4AE3-B89D-F2A23C3E59BD}.Debug|Any CPU.ActiveCfg = Debug|Any CPU
		{CA0E81CA-AED8-4AE3-B89D-F2A23C3E59BD}.Debug|Any CPU.Build.0 = Debug|Any CPU
		{CA0E81CA-AED8-4AE3-B89D-F2A23C3E59BD}.Release|Any CPU.ActiveCfg = Release|Any CPU
		{CA0E81CA-AED8-4AE3-B89D-F2A23C3E59BD}.Release|Any CPU.Build.0 = Release|Any CPU
	EndGlobalSection
	GlobalSection(SolutionProperties) = preSolution
		HideSolutionNode = FALSE
	EndGlobalSection
	GlobalSection(ExtensibilityGlobals) = postSolution
		SolutionGuid = {5D53065E-E4F2-49C0-8379-25755B4E92E4}
	EndGlobalSection
EndGlobal
